
Microsoft Visual Studio Solution File, Format Version 12.00
# Visual Studio 15
Project("{FAE04EC0-301F-11D3-BF4B-00C04F79EFBC}") = "Kuref.Service", "Kuref.Service\Kuref.Service.csproj", "{AE24BDC5-B2B0-4832-8BEC-C68DDEACF71D}"
EndProject
Global
	GlobalSection(SolutionConfigurationPlatforms) = preSolution
		Debug|Any CPU = Debug|Any CPU
		Release|Any CPU = Release|Any CPU
	EndGlobalSection
	GlobalSection(ProjectConfigurationPlatforms) = postSolution
		{AE24BDC5-B2B0-4832-8BEC-C68DDEACF71D}.Debug|Any CPU.ActiveCfg = Debug|Any CPU
		{AE24BDC5-B2B0-4832-8BEC-C68DDEACF71D}.Debug|Any CPU.Build.0 = Debug|Any CPU
		{AE24BDC5-B2B0-4832-8BEC-C68DDEACF71D}.Release|Any CPU.ActiveCfg = Release|Any CPU
		{AE24BDC5-B2B0-4832-8BEC-C68DDEACF71D}.Release|Any CPU.Build.0 = Release|Any CPU
	EndGlobalSection
EndGlobal
